
Microsoft Visual Studio Solution File, Format Version 12.00
# Visual Studio 15
VisualStudioVersion = 15.0.26124.0
MinimumVisualStudioVersion = 15.0.26124.0
Project("{2150E333-8FDC-42A3-9474-1A3956D46DE8}") = "src", "src", "{5EDBB54F-7E78-403D-8A87-4346E6390DCF}"
EndProject
Project("{FAE04EC0-301F-11D3-BF4B-00C04F79EFBC}") = "ZExtract", "src\ZExtract\ZExtract.csproj", "{F87361E4-2456-41B9-BDF1-F5E83A1857B6}"
EndProject
Project("{FAE04EC0-301F-11D3-BF4B-00C04F79EFBC}") = "ZExtractCLI", "src\ZExtractCLI\ZExtractCLI.csproj", "{3363F03E-F07F-44BA-B255-C65859330D44}"
EndProject
Project("{2150E333-8FDC-42A3-9474-1A3956D46DE8}") = "test", "test", "{DD3D70CE-3CAA-410C-8A39-EE57F95A66F2}"
EndProject
Project("{FAE04EC0-301F-11D3-BF4B-00C04F79EFBC}") = "ZExtractTest", "test\ZExtractTest\ZExtractTest.csproj", "{A95B9FF2-C582-4D32-B509-6F0F0C2720E8}"
EndProject
Project("{FAE04EC0-301F-11D3-BF4B-00C04F79EFBC}") = "ZExtractCLITest", "test\ZExtractCLITest\ZExtractCLITest.csproj", "{E00B0CEA-B845-47AE-B07C-75F87FCCBE19}"
EndProject
Global
	GlobalSection(SolutionConfigurationPlatforms) = preSolution
		Debug|Any CPU = Debug|Any CPU
		Debug|x64 = Debug|x64
		Debug|x86 = Debug|x86
		Release|Any CPU = Release|Any CPU
		Release|x64 = Release|x64
		Release|x86 = Release|x86
	EndGlobalSection
	GlobalSection(SolutionProperties) = preSolution
		HideSolutionNode = FALSE
	EndGlobalSection
	GlobalSection(ProjectConfigurationPlatforms) = postSolution
		{F87361E4-2456-41B9-BDF1-F5E83A1857B6}.Debug|Any CPU.ActiveCfg = Debug|Any CPU
		{F87361E4-2456-41B9-BDF1-F5E83A1857B6}.Debug|Any CPU.Build.0 = Debug|Any CPU
		{F87361E4-2456-41B9-BDF1-F5E83A1857B6}.Debug|x64.ActiveCfg = Debug|Any CPU
		{F87361E4-2456-41B9-BDF1-F5E83A1857B6}.Debug|x64.Build.0 = Debug|Any CPU
		{F87361E4-2456-41B9-BDF1-F5E83A1857B6}.Debug|x86.ActiveCfg = Debug|Any CPU
		{F87361E4-2456-41B9-BDF1-F5E83A1857B6}.Debug|x86.Build.0 = Debug|Any CPU
		{F87361E4-2456-41B9-BDF1-F5E83A1857B6}.Release|Any CPU.ActiveCfg = Release|Any CPU
		{F87361E4-2456-41B9-BDF1-F5E83A1857B6}.Release|Any CPU.Build.0 = Release|Any CPU
		{F87361E4-2456-41B9-BDF1-F5E83A1857B6}.Release|x64.ActiveCfg = Release|Any CPU
		{F87361E4-2456-41B9-BDF1-F5E83A1857B6}.Release|x64.Build.0 = Release|Any CPU
		{F87361E4-2456-41B9-BDF1-F5E83A1857B6}.Release|x86.ActiveCfg = Release|Any CPU
		{F87361E4-2456-41B9-BDF1-F5E83A1857B6}.Release|x86.Build.0 = Release|Any CPU
		{3363F03E-F07F-44BA-B255-C65859330D44}.Debug|Any CPU.ActiveCfg = Debug|Any CPU
		{3363F03E-F07F-44BA-B255-C65859330D44}.Debug|Any CPU.Build.0 = Debug|Any CPU
		{3363F03E-F07F-44BA-B255-C65859330D44}.Debug|x64.ActiveCfg = Debug|Any CPU
		{3363F03E-F07F-44BA-B255-C65859330D44}.Debug|x64.Build.0 = Debug|Any CPU
		{3363F03E-F07F-44BA-B255-C65859330D44}.Debug|x86.ActiveCfg = Debug|Any CPU
		{3363F03E-F07F-44BA-B255-C65859330D44}.Debug|x86.Build.0 = Debug|Any CPU
		{3363F03E-F07F-44BA-B255-C65859330D44}.Release|Any CPU.ActiveCfg = Release|Any CPU
		{3363F03E-F07F-44BA-B255-C65859330D44}.Release|Any CPU.Build.0 = Release|Any CPU
		{3363F03E-F07F-44BA-B255-C65859330D44}.Release|x64.ActiveCfg = Release|Any CPU
		{3363F03E-F07F-44BA-B255-C65859330D44}.Release|x64.Build.0 = Release|Any CPU
		{3363F03E-F07F-44BA-B255-C65859330D44}.Release|x86.ActiveCfg = Release|Any CPU
		{3363F03E-F07F-44BA-B255-C65859330D44}.Release|x86.Build.0 = Release|Any CPU
		{A95B9FF2-C582-4D32-B509-6F0F0C2720E8}.Debug|Any CPU.ActiveCfg = Debug|Any CPU
		{A95B9FF2-C582-4D32-B509-6F0F0C2720E8}.Debug|Any CPU.Build.0 = Debug|Any CPU
		{A95B9FF2-C582-4D32-B509-6F0F0C2720E8}.Debug|x64.ActiveCfg = Debug|Any CPU
		{A95B9FF2-C582-4D32-B509-6F0F0C2720E8}.Debug|x64.Build.0 = Debug|Any CPU
		{A95B9FF2-C582-4D32-B509-6F0F0C2720E8}.Debug|x86.ActiveCfg = Debug|Any CPU
		{A95B9FF2-C582-4D32-B509-6F0F0C2720E8}.Debug|x86.Build.0 = Debug|Any CPU
		{A95B9FF2-C582-4D32-B509-6F0F0C2720E8}.Release|Any CPU.ActiveCfg = Release|Any CPU
		{A95B9FF2-C582-4D32-B509-6F0F0C2720E8}.Release|Any CPU.Build.0 = Release|Any CPU
		{A95B9FF2-C582-4D32-B509-6F0F0C2720E8}.Release|x64.ActiveCfg = Release|Any CPU
		{A95B9FF2-C582-4D32-B509-6F0F0C2720E8}.Release|x64.Build.0 = Release|Any CPU
		{A95B9FF2-C582-4D32-B509-6F0F0C2720E8}.Release|x86.ActiveCfg = Release|Any CPU
		{A95B9FF2-C582-4D32-B509-6F0F0C2720E8}.Release|x86.Build.0 = Release|Any CPU
		{E00B0CEA-B845-47AE-B07C-75F87FCCBE19}.Debug|Any CPU.ActiveCfg = Debug|Any CPU
		{E00B0CEA-B845-47AE-B07C-75F87FCCBE19}.Debug|Any CPU.Build.0 = Debug|Any CPU
		{E00B0CEA-B845-47AE-B07C-75F87FCCBE19}.Debug|x64.ActiveCfg = Debug|Any CPU
		{E00B0CEA-B845-47AE-B07C-75F87FCCBE19}.Debug|x64.Build.0 = Debug|Any CPU
		{E00B0CEA-B845-47AE-B07C-75F87FCCBE19}.Debug|x86.ActiveCfg = Debug|Any CPU
		{E00B0CEA-B845-47AE-B07C-75F87FCCBE19}.Debug|x86.Build.0 = Debug|Any CPU
		{E00B0CEA-B845-47AE-B07C-75F87FCCBE19}.Release|Any CPU.ActiveCfg = Release|Any CPU
		{E00B0CEA-B845-47AE-B07C-75F87FCCBE19}.Release|Any CPU.Build.0 = Release|Any CPU
		{E00B0CEA-B845-47AE-B07C-75F87FCCBE19}.Release|x64.ActiveCfg = Release|Any CPU
		{E00B0CEA-B845-47AE-B07C-75F87FCCBE19}.Release|x64.Build.0 = Release|Any CPU
		{E00B0CEA-B845-47AE-B07C-75F87FCCBE19}.Release|x86.ActiveCfg = Release|Any CPU
		{E00B0CEA-B845-47AE-B07C-75F87FCCBE19}.Release|x86.Build.0 = Release|Any CPU
	EndGlobalSection
	GlobalSection(NestedProjects) = preSolution
		{F87361E4-2456-41B9-BDF1-F5E83A1857B6} = {5EDBB54F-7E78-403D-8A87-4346E6390DCF}
		{3363F03E-F07F-44BA-B255-C65859330D44} = {5EDBB54F-7E78-403D-8A87-4346E6390DCF}
		{A95B9FF2-C582-4D32-B509-6F0F0C2720E8} = {DD3D70CE-3CAA-410C-8A39-EE57F95A66F2}
		{E00B0CEA-B845-47AE-B07C-75F87FCCBE19} = {DD3D70CE-3CAA-410C-8A39-EE57F95A66F2}
	EndGlobalSection
EndGlobal
